
Microsoft Visual Studio Solution File, Format Version 12.00
Project("{FAE04EC0-301F-11D3-BF4B-00C04F79EFBC}") = "Api", "Api\Api.csproj", "{015C130E-32B1-4C82-80A0-E0AE95ED0B4B}"
EndProject
Global
	GlobalSection(SolutionConfigurationPlatforms) = preSolution
		Debug|Any CPU = Debug|Any CPU
		Release|Any CPU = Release|Any CPU
	EndGlobalSection
	GlobalSection(ProjectConfigurationPlatforms) = postSolution
		{015C130E-32B1-4C82-80A0-E0AE95ED0B4B}.Debug|Any CPU.ActiveCfg = Debug|Any CPU
		{015C130E-32B1-4C82-80A0-E0AE95ED0B4B}.Debug|Any CPU.Build.0 = Debug|Any CPU
		{015C130E-32B1-4C82-80A0-E0AE95ED0B4B}.Release|Any CPU.ActiveCfg = Release|Any CPU
		{015C130E-32B1-4C82-80A0-E0AE95ED0B4B}.Release|Any CPU.Build.0 = Release|Any CPU
	EndGlobalSection
EndGlobal
